{
  "name": "pcap-player",
  "lockfileVersion": 3,
  "requires": true,
  "packages": {
    "": {
      "dependencies": {
        "dgram": "^1.0.1",
        "pcap": "^3.1.0"
      }
    },
    "node_modules/@types/node": {
      "version": "10.17.60",
      "resolved": "https://registry.npmjs.org/@types/node/-/node-10.17.60.tgz",
      "integrity": "sha512-F0KIgDJfy2nA3zMLmWGKxcH2ZVEtCZXHHdOQs2gSaQ27+lNeEfGxzkIw90aXswATX7AZ33tahPbzy6KAfUreVw=="
    },
    "node_modules/dgram": {
      "version": "1.0.1",
      "resolved": "https://registry.npmjs.org/dgram/-/dgram-1.0.1.tgz",
      "integrity": "sha512-zJVFL1EWfKtE0z2VN6qfpn/a+qG1viEzcwJA0EjtzS76ONSE3sEyWBwEbo32hS4IFw/EWVuWN+8b89aPW6It2A==",
      "deprecated": "npm is holding this package for security reasons. As it's a core Node module, we will not transfer it over to other users. You may safely remove the package from your dependencies."
    },
    "node_modules/nan": {
      "version": "2.18.0",
      "resolved": "https://registry.npmjs.org/nan/-/nan-2.18.0.tgz",
      "integrity": "sha512-W7tfG7vMOGtD30sHoZSSc/JVYiyDPEyQVso/Zz+/uQd0B0L46gtC+pHha5FFMRpil6fm/AoEcRWyOVi4+E/f8w=="
    },
    "node_modules/pcap": {
      "version": "3.1.0",
      "resolved": "https://registry.npmjs.org/pcap/-/pcap-3.1.0.tgz",
      "integrity": "sha512-bTmjruLZBmmlAc+wougRbKVzspUA4bqi505v70W/dQErmdiLs8n5pNc1Z41lj8TAkZG6GZD/1mMY0VC+uj/PBQ==",
      "hasInstallScript": true,
      "dependencies": {
        "@types/node": "^10.0.0",
        "nan": "^2.14.0"
      },
      "engines": {
        "node": ">=10.0.0"
      }
    }
  }
}
